
Microsoft Visual Studio Solution File, Format Version 12.00
# Visual Studio Version 17
VisualStudioVersion = 17.12.35707.178
MinimumVisualStudioVersion = 10.0.40219.1
Project("{2150E333-8FDC-42A3-9474-1A3956D46DE8}") = "Lesson_02", "Lesson_02", "{D0D9D586-4B1A-4E7B-AADB-93134B0A685B}"
EndProject
Project("{FAE04EC0-301F-11D3-BF4B-00C04F79EFBC}") = "Task_02_02", "Task_02_02\Task_02_02.csproj", "{4C572A01-1D20-43BA-940A-FE6830B91F9B}"
EndProject
Project("{FAE04EC0-301F-11D3-BF4B-00C04F79EFBC}") = "Task_02_04", "Task_02_04\Task_02_04.csproj", "{48B31C64-5239-4076-9C6B-11B43AE4EB58}"
EndProject
Project("{2150E333-8FDC-42A3-9474-1A3956D46DE8}") = "Lesson_03", "Lesson_03", "{56A7949D-DAC9-43EB-ABF8-B6B40A1664FD}"
EndProject
Project("{FAE04EC0-301F-11D3-BF4B-00C04F79EFBC}") = "Task_03_04", "Task_03_04\Task_03_04.csproj", "{C44E778A-11AC-49E5-9781-D746DB925744}"
EndProject
Project("{FAE04EC0-301F-11D3-BF4B-00C04F79EFBC}") = "Task_03_05", "Task_03_05\Task_03_05.csproj", "{1B7D7F41-BE6D-4738-B45F-274D9F2F1052}"
EndProject
Project("{FAE04EC0-301F-11D3-BF4B-00C04F79EFBC}") = "Task_03_06", "Task_03_06\Task_03_06.csproj", "{240E6F9B-13B1-4D33-BBFA-E4EB6C82D12A}"
EndProject
Project("{FAE04EC0-301F-11D3-BF4B-00C04F79EFBC}") = "Task_03_07", "Task_03_07\Task_03_07.csproj", "{B0D30E21-E057-46BD-9A62-2D852FBA7222}"
EndProject
Project("{FAE04EC0-301F-11D3-BF4B-00C04F79EFBC}") = "Task_03_08", "Task_03_08\Task_03_08.csproj", "{2F3CBBA0-7234-4A0D-9055-C6FB1F27E3BF}"
EndProject
Project("{FAE04EC0-301F-11D3-BF4B-00C04F79EFBC}") = "Task_03_09", "Task_03_09\Task_03_09.csproj", "{8F3C233F-20B8-4DE3-BB73-FEE8CB756D39}"
EndProject
Project("{2150E333-8FDC-42A3-9474-1A3956D46DE8}") = "Lesson_04", "Lesson_04", "{FCE91F76-306E-4747-BAE0-EFDBB6FC20A1}"
EndProject
Project("{FAE04EC0-301F-11D3-BF4B-00C04F79EFBC}") = "Task_04_05", "Task_04_05\Task_04_05.csproj", "{15E6BF3A-AED3-4E0B-980C-078E0347DF20}"
EndProject
Project("{FAE04EC0-301F-11D3-BF4B-00C04F79EFBC}") = "Task_04_06", "Task_04_06\Task_04_06.csproj", "{F3B163E5-4E51-4B13-9E8D-E38C0932E767}"
EndProject
Project("{FAE04EC0-301F-11D3-BF4B-00C04F79EFBC}") = "Task_04_07", "Task_04_07\Task_04_07.csproj", "{401EE8C4-A517-4B8A-BFD9-ABF8A2B1507A}"
EndProject
Project("{FAE04EC0-301F-11D3-BF4B-00C04F79EFBC}") = "Task_04_08", "Task_04_08\Task_04_08.csproj", "{75FF5BCB-8FED-4CE1-87BC-652A61A34E4C}"
EndProject
Project("{FAE04EC0-301F-11D3-BF4B-00C04F79EFBC}") = "Task_04_09", "Task_04_09\Task_04_09.csproj", "{66821685-0CE5-4B5E-9EBD-D2151FCF706E}"
EndProject
Project("{FAE04EC0-301F-11D3-BF4B-00C04F79EFBC}") = "Task_04_10", "Task_04_10\Task_04_10.csproj", "{D0C8E9CE-22EA-490D-8A6D-1C7241891438}"
EndProject
Project("{2150E333-8FDC-42A3-9474-1A3956D46DE8}") = "Практические занятия", "Практические занятия", "{430B8E12-EC78-4927-8668-7D9E18964F6C}"
EndProject
Project("{FAE04EC0-301F-11D3-BF4B-00C04F79EFBC}") = "pk1-01-01", "pk1-01-01\pk1-01-01.csproj", "{C2F28A6B-1DBF-4841-A23F-8AF45A116DEB}"
EndProject
Project("{FAE04EC0-301F-11D3-BF4B-00C04F79EFBC}") = "pk1-01-02", "pk1-01-02\pk1-01-02.csproj", "{1EA8A2F2-4DD8-4E6E-A0B5-D3811EDB2DE0}"
EndProject
Project("{2150E333-8FDC-42A3-9474-1A3956D46DE8}") = "Lesson_05", "Lesson_05", "{18AF05FD-C017-4E74-A1F0-0A70FA50234D}"
EndProject
Project("{FAE04EC0-301F-11D3-BF4B-00C04F79EFBC}") = "Task_05_03", "Task_05_03\Task_05_03.csproj", "{B9CAB391-8FB7-4B57-97FA-D3223C5280A2}"
EndProject
Project("{FAE04EC0-301F-11D3-BF4B-00C04F79EFBC}") = "Task_05_04", "Task_05_04\Task_05_04.csproj", "{F15237E5-E695-4998-AA3D-BEA8DE60DDE0}"
EndProject
Project("{FAE04EC0-301F-11D3-BF4B-00C04F79EFBC}") = "Task_05_05", "Task_05_05\Task_05_05.csproj", "{FA78425B-8D33-44A4-94A3-1EE9A42228BE}"
EndProject
Project("{FAE04EC0-301F-11D3-BF4B-00C04F79EFBC}") = "Task_05_06", "Task_05_06\Task_05_06.csproj", "{F5BC4C97-2CAB-4B56-AC49-F3CE4640940F}"
EndProject
Project("{FAE04EC0-301F-11D3-BF4B-00C04F79EFBC}") = "Task_05_07", "Task_05_07\Task_05_07.csproj", "{335D022E-1540-4DB4-A87E-2B3D69934998}"
EndProject
Project("{FAE04EC0-301F-11D3-BF4B-00C04F79EFBC}") = "Task_05_08", "Task_05_08\Task_05_08.csproj", "{09DB05F9-1FC8-43CF-8BFF-E9DA9D6622AE}"
EndProject
Project("{FAE04EC0-301F-11D3-BF4B-00C04F79EFBC}") = "Task_05_09", "Task_05_09\Task_05_09.csproj", "{B34AB4EB-E769-48C5-B8C6-DDE396238005}"
EndProject
Project("{2150E333-8FDC-42A3-9474-1A3956D46DE8}") = "Lesson_10", "Lesson_10", "{B1031660-C2EF-42B7-A138-98F25CE3D7F5}"
EndProject
Project("{FAE04EC0-301F-11D3-BF4B-00C04F79EFBC}") = "Task_10_06", "Task_06\Task_10_06.csproj", "{3D672434-401F-447C-85D6-6E76FA52F517}"
EndProject
Project("{FAE04EC0-301F-11D3-BF4B-00C04F79EFBC}") = "Task_10_07", "Task_10_07\Task_10_07.csproj", "{B580C259-C47D-417D-AFAF-9098B4A5A3EA}"
EndProject
Project("{FAE04EC0-301F-11D3-BF4B-00C04F79EFBC}") = "Task_10_08", "Task_10_08\Task_10_08.csproj", "{73DADC3A-D186-41E4-88D1-9312096FB2A1}"
EndProject
Project("{2150E333-8FDC-42A3-9474-1A3956D46DE8}") = "Lesson_11", "Lesson_11", "{95F713A4-83D1-4D8F-9540-CAFCB0A2274A}"
EndProject
Project("{FAE04EC0-301F-11D3-BF4B-00C04F79EFBC}") = "Task_11_01", "Task_11_01\Task_11_01.csproj", "{1EE5453A-0979-46B8-A2CC-37E086AC9CA3}"
EndProject
Project("{FAE04EC0-301F-11D3-BF4B-00C04F79EFBC}") = "Task_11_02", "Task_11_02\Task_11_02.csproj", "{92CD74A0-A377-43EB-81BA-59B0643DD0B3}"
EndProject
Project("{FAE04EC0-301F-11D3-BF4B-00C04F79EFBC}") = "Task_11_03", "Task_11_03\Task_11_03.csproj", "{08A227F6-3A54-4D96-A054-CCE511CC29EB}"
EndProject
Project("{FAE04EC0-301F-11D3-BF4B-00C04F79EFBC}") = "Task_11_04", "Task_11_04\Task_11_04.csproj", "{6D63FCDE-01EE-493C-A246-483A757DB9FD}"
EndProject
Project("{FAE04EC0-301F-11D3-BF4B-00C04F79EFBC}") = "Task_11_05", "Task_11_05\Task_11_05.csproj", "{CA30C964-BAB6-4E26-AC13-1626B288587D}"
EndProject
Project("{FAE04EC0-301F-11D3-BF4B-00C04F79EFBC}") = "Task_11_06", "Task_11_06\Task_11_06.csproj", "{FA1B253A-09D5-4E28-8545-5CEA45B791B8}"
EndProject
Project("{FAE04EC0-301F-11D3-BF4B-00C04F79EFBC}") = "Task_11_07", "Task_11_07\Task_11_07.csproj", "{DAFF66A1-25B1-4E69-B238-093C8F1B1668}"
EndProject
Project("{FAE04EC0-301F-11D3-BF4B-00C04F79EFBC}") = "Task_11_08", "Task_11_08\Task_11_08.csproj", "{9C3BC419-AEDA-4F6A-82F6-4617B4CD2228}"
EndProject
Global
	GlobalSection(SolutionConfigurationPlatforms) = preSolution
		Debug|Any CPU = Debug|Any CPU
		Release|Any CPU = Release|Any CPU
	EndGlobalSection
	GlobalSection(ProjectConfigurationPlatforms) = postSolution
		{4C572A01-1D20-43BA-940A-FE6830B91F9B}.Debug|Any CPU.ActiveCfg = Debug|Any CPU
		{4C572A01-1D20-43BA-940A-FE6830B91F9B}.Debug|Any CPU.Build.0 = Debug|Any CPU
		{4C572A01-1D20-43BA-940A-FE6830B91F9B}.Release|Any CPU.ActiveCfg = Release|Any CPU
		{4C572A01-1D20-43BA-940A-FE6830B91F9B}.Release|Any CPU.Build.0 = Release|Any CPU
		{48B31C64-5239-4076-9C6B-11B43AE4EB58}.Debug|Any CPU.ActiveCfg = Debug|Any CPU
		{48B31C64-5239-4076-9C6B-11B43AE4EB58}.Debug|Any CPU.Build.0 = Debug|Any CPU
		{48B31C64-5239-4076-9C6B-11B43AE4EB58}.Release|Any CPU.ActiveCfg = Release|Any CPU
		{48B31C64-5239-4076-9C6B-11B43AE4EB58}.Release|Any CPU.Build.0 = Release|Any CPU
		{C44E778A-11AC-49E5-9781-D746DB925744}.Debug|Any CPU.ActiveCfg = Debug|Any CPU
		{C44E778A-11AC-49E5-9781-D746DB925744}.Debug|Any CPU.Build.0 = Debug|Any CPU
		{C44E778A-11AC-49E5-9781-D746DB925744}.Release|Any CPU.ActiveCfg = Release|Any CPU
		{C44E778A-11AC-49E5-9781-D746DB925744}.Release|Any CPU.Build.0 = Release|Any CPU
		{1B7D7F41-BE6D-4738-B45F-274D9F2F1052}.Debug|Any CPU.ActiveCfg = Debug|Any CPU
		{1B7D7F41-BE6D-4738-B45F-274D9F2F1052}.Debug|Any CPU.Build.0 = Debug|Any CPU
		{1B7D7F41-BE6D-4738-B45F-274D9F2F1052}.Release|Any CPU.ActiveCfg = Release|Any CPU
		{1B7D7F41-BE6D-4738-B45F-274D9F2F1052}.Release|Any CPU.Build.0 = Release|Any CPU
		{240E6F9B-13B1-4D33-BBFA-E4EB6C82D12A}.Debug|Any CPU.ActiveCfg = Debug|Any CPU
		{240E6F9B-13B1-4D33-BBFA-E4EB6C82D12A}.Debug|Any CPU.Build.0 = Debug|Any CPU
		{240E6F9B-13B1-4D33-BBFA-E4EB6C82D12A}.Release|Any CPU.ActiveCfg = Release|Any CPU
		{240E6F9B-13B1-4D33-BBFA-E4EB6C82D12A}.Release|Any CPU.Build.0 = Release|Any CPU
		{B0D30E21-E057-46BD-9A62-2D852FBA7222}.Debug|Any CPU.ActiveCfg = Debug|Any CPU
		{B0D30E21-E057-46BD-9A62-2D852FBA7222}.Debug|Any CPU.Build.0 = Debug|Any CPU
		{B0D30E21-E057-46BD-9A62-2D852FBA7222}.Release|Any CPU.ActiveCfg = Release|Any CPU
		{B0D30E21-E057-46BD-9A62-2D852FBA7222}.Release|Any CPU.Build.0 = Release|Any CPU
		{2F3CBBA0-7234-4A0D-9055-C6FB1F27E3BF}.Debug|Any CPU.ActiveCfg = Debug|Any CPU
		{2F3CBBA0-7234-4A0D-9055-C6FB1F27E3BF}.Debug|Any CPU.Build.0 = Debug|Any CPU
		{2F3CBBA0-7234-4A0D-9055-C6FB1F27E3BF}.Release|Any CPU.ActiveCfg = Release|Any CPU
		{2F3CBBA0-7234-4A0D-9055-C6FB1F27E3BF}.Release|Any CPU.Build.0 = Release|Any CPU
		{8F3C233F-20B8-4DE3-BB73-FEE8CB756D39}.Debug|Any CPU.ActiveCfg = Debug|Any CPU
		{8F3C233F-20B8-4DE3-BB73-FEE8CB756D39}.Debug|Any CPU.Build.0 = Debug|Any CPU
		{8F3C233F-20B8-4DE3-BB73-FEE8CB756D39}.Release|Any CPU.ActiveCfg = Release|Any CPU
		{8F3C233F-20B8-4DE3-BB73-FEE8CB756D39}.Release|Any CPU.Build.0 = Release|Any CPU
		{15E6BF3A-AED3-4E0B-980C-078E0347DF20}.Debug|Any CPU.ActiveCfg = Debug|Any CPU
		{15E6BF3A-AED3-4E0B-980C-078E0347DF20}.Debug|Any CPU.Build.0 = Debug|Any CPU
		{15E6BF3A-AED3-4E0B-980C-078E0347DF20}.Release|Any CPU.ActiveCfg = Release|Any CPU
		{15E6BF3A-AED3-4E0B-980C-078E0347DF20}.Release|Any CPU.Build.0 = Release|Any CPU
		{F3B163E5-4E51-4B13-9E8D-E38C0932E767}.Debug|Any CPU.ActiveCfg = Debug|Any CPU
		{F3B163E5-4E51-4B13-9E8D-E38C0932E767}.Debug|Any CPU.Build.0 = Debug|Any CPU
		{F3B163E5-4E51-4B13-9E8D-E38C0932E767}.Release|Any CPU.ActiveCfg = Release|Any CPU
		{F3B163E5-4E51-4B13-9E8D-E38C0932E767}.Release|Any CPU.Build.0 = Release|Any CPU
		{401EE8C4-A517-4B8A-BFD9-ABF8A2B1507A}.Debug|Any CPU.ActiveCfg = Debug|Any CPU
		{401EE8C4-A517-4B8A-BFD9-ABF8A2B1507A}.Debug|Any CPU.Build.0 = Debug|Any CPU
		{401EE8C4-A517-4B8A-BFD9-ABF8A2B1507A}.Release|Any CPU.ActiveCfg = Release|Any CPU
		{401EE8C4-A517-4B8A-BFD9-ABF8A2B1507A}.Release|Any CPU.Build.0 = Release|Any CPU
		{75FF5BCB-8FED-4CE1-87BC-652A61A34E4C}.Debug|Any CPU.ActiveCfg = Debug|Any CPU
		{75FF5BCB-8FED-4CE1-87BC-652A61A34E4C}.Debug|Any CPU.Build.0 = Debug|Any CPU
		{75FF5BCB-8FED-4CE1-87BC-652A61A34E4C}.Release|Any CPU.ActiveCfg = Release|Any CPU
		{75FF5BCB-8FED-4CE1-87BC-652A61A34E4C}.Release|Any CPU.Build.0 = Release|Any CPU
		{66821685-0CE5-4B5E-9EBD-D2151FCF706E}.Debug|Any CPU.ActiveCfg = Debug|Any CPU
		{66821685-0CE5-4B5E-9EBD-D2151FCF706E}.Debug|Any CPU.Build.0 = Debug|Any CPU
		{66821685-0CE5-4B5E-9EBD-D2151FCF706E}.Release|Any CPU.ActiveCfg = Release|Any CPU
		{66821685-0CE5-4B5E-9EBD-D2151FCF706E}.Release|Any CPU.Build.0 = Release|Any CPU
		{D0C8E9CE-22EA-490D-8A6D-1C7241891438}.Debug|Any CPU.ActiveCfg = Debug|Any CPU
		{D0C8E9CE-22EA-490D-8A6D-1C7241891438}.Debug|Any CPU.Build.0 = Debug|Any CPU
		{D0C8E9CE-22EA-490D-8A6D-1C7241891438}.Release|Any CPU.ActiveCfg = Release|Any CPU
		{D0C8E9CE-22EA-490D-8A6D-1C7241891438}.Release|Any CPU.Build.0 = Release|Any CPU
		{C2F28A6B-1DBF-4841-A23F-8AF45A116DEB}.Debug|Any CPU.ActiveCfg = Debug|Any CPU
		{C2F28A6B-1DBF-4841-A23F-8AF45A116DEB}.Debug|Any CPU.Build.0 = Debug|Any CPU
		{C2F28A6B-1DBF-4841-A23F-8AF45A116DEB}.Release|Any CPU.ActiveCfg = Release|Any CPU
		{C2F28A6B-1DBF-4841-A23F-8AF45A116DEB}.Release|Any CPU.Build.0 = Release|Any CPU
		{1EA8A2F2-4DD8-4E6E-A0B5-D3811EDB2DE0}.Debug|Any CPU.ActiveCfg = Debug|Any CPU
		{1EA8A2F2-4DD8-4E6E-A0B5-D3811EDB2DE0}.Debug|Any CPU.Build.0 = Debug|Any CPU
		{1EA8A2F2-4DD8-4E6E-A0B5-D3811EDB2DE0}.Release|Any CPU.ActiveCfg = Release|Any CPU
		{1EA8A2F2-4DD8-4E6E-A0B5-D3811EDB2DE0}.Release|Any CPU.Build.0 = Release|Any CPU
		{B9CAB391-8FB7-4B57-97FA-D3223C5280A2}.Debug|Any CPU.ActiveCfg = Debug|Any CPU
		{B9CAB391-8FB7-4B57-97FA-D3223C5280A2}.Debug|Any CPU.Build.0 = Debug|Any CPU
		{B9CAB391-8FB7-4B57-97FA-D3223C5280A2}.Release|Any CPU.ActiveCfg = Release|Any CPU
		{B9CAB391-8FB7-4B57-97FA-D3223C5280A2}.Release|Any CPU.Build.0 = Release|Any CPU
		{F15237E5-E695-4998-AA3D-BEA8DE60DDE0}.Debug|Any CPU.ActiveCfg = Debug|Any CPU
		{F15237E5-E695-4998-AA3D-BEA8DE60DDE0}.Debug|Any CPU.Build.0 = Debug|Any CPU
		{F15237E5-E695-4998-AA3D-BEA8DE60DDE0}.Release|Any CPU.ActiveCfg = Release|Any CPU
		{F15237E5-E695-4998-AA3D-BEA8DE60DDE0}.Release|Any CPU.Build.0 = Release|Any CPU
		{FA78425B-8D33-44A4-94A3-1EE9A42228BE}.Debug|Any CPU.ActiveCfg = Debug|Any CPU
		{FA78425B-8D33-44A4-94A3-1EE9A42228BE}.Debug|Any CPU.Build.0 = Debug|Any CPU
		{FA78425B-8D33-44A4-94A3-1EE9A42228BE}.Release|Any CPU.ActiveCfg = Release|Any CPU
		{FA78425B-8D33-44A4-94A3-1EE9A42228BE}.Release|Any CPU.Build.0 = Release|Any CPU
		{F5BC4C97-2CAB-4B56-AC49-F3CE4640940F}.Debug|Any CPU.ActiveCfg = Debug|Any CPU
		{F5BC4C97-2CAB-4B56-AC49-F3CE4640940F}.Debug|Any CPU.Build.0 = Debug|Any CPU
		{F5BC4C97-2CAB-4B56-AC49-F3CE4640940F}.Release|Any CPU.ActiveCfg = Release|Any CPU
		{F5BC4C97-2CAB-4B56-AC49-F3CE4640940F}.Release|Any CPU.Build.0 = Release|Any CPU
		{335D022E-1540-4DB4-A87E-2B3D69934998}.Debug|Any CPU.ActiveCfg = Debug|Any CPU
		{335D022E-1540-4DB4-A87E-2B3D69934998}.Debug|Any CPU.Build.0 = Debug|Any CPU
		{335D022E-1540-4DB4-A87E-2B3D69934998}.Release|Any CPU.ActiveCfg = Release|Any CPU
		{335D022E-1540-4DB4-A87E-2B3D69934998}.Release|Any CPU.Build.0 = Release|Any CPU
		{09DB05F9-1FC8-43CF-8BFF-E9DA9D6622AE}.Debug|Any CPU.ActiveCfg = Debug|Any CPU
		{09DB05F9-1FC8-43CF-8BFF-E9DA9D6622AE}.Debug|Any CPU.Build.0 = Debug|Any CPU
		{09DB05F9-1FC8-43CF-8BFF-E9DA9D6622AE}.Release|Any CPU.ActiveCfg = Release|Any CPU
		{09DB05F9-1FC8-43CF-8BFF-E9DA9D6622AE}.Release|Any CPU.Build.0 = Release|Any CPU
		{B34AB4EB-E769-48C5-B8C6-DDE396238005}.Debug|Any CPU.ActiveCfg = Debug|Any CPU
		{B34AB4EB-E769-48C5-B8C6-DDE396238005}.Debug|Any CPU.Build.0 = Debug|Any CPU
		{B34AB4EB-E769-48C5-B8C6-DDE396238005}.Release|Any CPU.ActiveCfg = Release|Any CPU
		{B34AB4EB-E769-48C5-B8C6-DDE396238005}.Release|Any CPU.Build.0 = Release|Any CPU
		{3D672434-401F-447C-85D6-6E76FA52F517}.Debug|Any CPU.ActiveCfg = Debug|Any CPU
		{3D672434-401F-447C-85D6-6E76FA52F517}.Debug|Any CPU.Build.0 = Debug|Any CPU
		{3D672434-401F-447C-85D6-6E76FA52F517}.Release|Any CPU.ActiveCfg = Release|Any CPU
		{3D672434-401F-447C-85D6-6E76FA52F517}.Release|Any CPU.Build.0 = Release|Any CPU
		{B580C259-C47D-417D-AFAF-9098B4A5A3EA}.Debug|Any CPU.ActiveCfg = Debug|Any CPU
		{B580C259-C47D-417D-AFAF-9098B4A5A3EA}.Debug|Any CPU.Build.0 = Debug|Any CPU
		{B580C259-C47D-417D-AFAF-9098B4A5A3EA}.Release|Any CPU.ActiveCfg = Release|Any CPU
		{B580C259-C47D-417D-AFAF-9098B4A5A3EA}.Release|Any CPU.Build.0 = Release|Any CPU
		{73DADC3A-D186-41E4-88D1-9312096FB2A1}.Debug|Any CPU.ActiveCfg = Debug|Any CPU
		{73DADC3A-D186-41E4-88D1-9312096FB2A1}.Debug|Any CPU.Build.0 = Debug|Any CPU
		{73DADC3A-D186-41E4-88D1-9312096FB2A1}.Release|Any CPU.ActiveCfg = Release|Any CPU
		{73DADC3A-D186-41E4-88D1-9312096FB2A1}.Release|Any CPU.Build.0 = Release|Any CPU
		{1EE5453A-0979-46B8-A2CC-37E086AC9CA3}.Debug|Any CPU.ActiveCfg = Debug|Any CPU
		{1EE5453A-0979-46B8-A2CC-37E086AC9CA3}.Debug|Any CPU.Build.0 = Debug|Any CPU
		{1EE5453A-0979-46B8-A2CC-37E086AC9CA3}.Release|Any CPU.ActiveCfg = Release|Any CPU
		{1EE5453A-0979-46B8-A2CC-37E086AC9CA3}.Release|Any CPU.Build.0 = Release|Any CPU
		{92CD74A0-A377-43EB-81BA-59B0643DD0B3}.Debug|Any CPU.ActiveCfg = Debug|Any CPU
		{92CD74A0-A377-43EB-81BA-59B0643DD0B3}.Debug|Any CPU.Build.0 = Debug|Any CPU
		{92CD74A0-A377-43EB-81BA-59B0643DD0B3}.Release|Any CPU.ActiveCfg = Release|Any CPU
		{92CD74A0-A377-43EB-81BA-59B0643DD0B3}.Release|Any CPU.Build.0 = Release|Any CPU
		{08A227F6-3A54-4D96-A054-CCE511CC29EB}.Debug|Any CPU.ActiveCfg = Debug|Any CPU
		{08A227F6-3A54-4D96-A054-CCE511CC29EB}.Debug|Any CPU.Build.0 = Debug|Any CPU
		{08A227F6-3A54-4D96-A054-CCE511CC29EB}.Release|Any CPU.ActiveCfg = Release|Any CPU
		{08A227F6-3A54-4D96-A054-CCE511CC29EB}.Release|Any CPU.Build.0 = Release|Any CPU
		{6D63FCDE-01EE-493C-A246-483A757DB9FD}.Debug|Any CPU.ActiveCfg = Debug|Any CPU
		{6D63FCDE-01EE-493C-A246-483A757DB9FD}.Debug|Any CPU.Build.0 = Debug|Any CPU
		{6D63FCDE-01EE-493C-A246-483A757DB9FD}.Release|Any CPU.ActiveCfg = Release|Any CPU
		{6D63FCDE-01EE-493C-A246-483A757DB9FD}.Release|Any CPU.Build.0 = Release|Any CPU
		{CA30C964-BAB6-4E26-AC13-1626B288587D}.Debug|Any CPU.ActiveCfg = Debug|Any CPU
		{CA30C964-BAB6-4E26-AC13-1626B288587D}.Debug|Any CPU.Build.0 = Debug|Any CPU
		{CA30C964-BAB6-4E26-AC13-1626B288587D}.Release|Any CPU.ActiveCfg = Release|Any CPU
		{CA30C964-BAB6-4E26-AC13-1626B288587D}.Release|Any CPU.Build.0 = Release|Any CPU
		{FA1B253A-09D5-4E28-8545-5CEA45B791B8}.Debug|Any CPU.ActiveCfg = Debug|Any CPU
		{FA1B253A-09D5-4E28-8545-5CEA45B791B8}.Debug|Any CPU.Build.0 = Debug|Any CPU
		{FA1B253A-09D5-4E28-8545-5CEA45B791B8}.Release|Any CPU.ActiveCfg = Release|Any CPU
		{FA1B253A-09D5-4E28-8545-5CEA45B791B8}.Release|Any CPU.Build.0 = Release|Any CPU
		{DAFF66A1-25B1-4E69-B238-093C8F1B1668}.Debug|Any CPU.ActiveCfg = Debug|Any CPU
		{DAFF66A1-25B1-4E69-B238-093C8F1B1668}.Debug|Any CPU.Build.0 = Debug|Any CPU
		{DAFF66A1-25B1-4E69-B238-093C8F1B1668}.Release|Any CPU.ActiveCfg = Release|Any CPU
		{DAFF66A1-25B1-4E69-B238-093C8F1B1668}.Release|Any CPU.Build.0 = Release|Any CPU
		{9C3BC419-AEDA-4F6A-82F6-4617B4CD2228}.Debug|Any CPU.ActiveCfg = Debug|Any CPU
		{9C3BC419-AEDA-4F6A-82F6-4617B4CD2228}.Debug|Any CPU.Build.0 = Debug|Any CPU
		{9C3BC419-AEDA-4F6A-82F6-4617B4CD2228}.Release|Any CPU.ActiveCfg = Release|Any CPU
		{9C3BC419-AEDA-4F6A-82F6-4617B4CD2228}.Release|Any CPU.Build.0 = Release|Any CPU
	EndGlobalSection
	GlobalSection(SolutionProperties) = preSolution
		HideSolutionNode = FALSE
	EndGlobalSection
	GlobalSection(NestedProjects) = preSolution
		{4C572A01-1D20-43BA-940A-FE6830B91F9B} = {D0D9D586-4B1A-4E7B-AADB-93134B0A685B}
		{48B31C64-5239-4076-9C6B-11B43AE4EB58} = {D0D9D586-4B1A-4E7B-AADB-93134B0A685B}
		{C44E778A-11AC-49E5-9781-D746DB925744} = {56A7949D-DAC9-43EB-ABF8-B6B40A1664FD}
		{1B7D7F41-BE6D-4738-B45F-274D9F2F1052} = {56A7949D-DAC9-43EB-ABF8-B6B40A1664FD}
		{240E6F9B-13B1-4D33-BBFA-E4EB6C82D12A} = {56A7949D-DAC9-43EB-ABF8-B6B40A1664FD}
		{B0D30E21-E057-46BD-9A62-2D852FBA7222} = {56A7949D-DAC9-43EB-ABF8-B6B40A1664FD}
		{2F3CBBA0-7234-4A0D-9055-C6FB1F27E3BF} = {56A7949D-DAC9-43EB-ABF8-B6B40A1664FD}
		{8F3C233F-20B8-4DE3-BB73-FEE8CB756D39} = {56A7949D-DAC9-43EB-ABF8-B6B40A1664FD}
		{15E6BF3A-AED3-4E0B-980C-078E0347DF20} = {FCE91F76-306E-4747-BAE0-EFDBB6FC20A1}
		{F3B163E5-4E51-4B13-9E8D-E38C0932E767} = {FCE91F76-306E-4747-BAE0-EFDBB6FC20A1}
		{401EE8C4-A517-4B8A-BFD9-ABF8A2B1507A} = {FCE91F76-306E-4747-BAE0-EFDBB6FC20A1}
		{75FF5BCB-8FED-4CE1-87BC-652A61A34E4C} = {FCE91F76-306E-4747-BAE0-EFDBB6FC20A1}
		{66821685-0CE5-4B5E-9EBD-D2151FCF706E} = {FCE91F76-306E-4747-BAE0-EFDBB6FC20A1}
		{D0C8E9CE-22EA-490D-8A6D-1C7241891438} = {FCE91F76-306E-4747-BAE0-EFDBB6FC20A1}
		{C2F28A6B-1DBF-4841-A23F-8AF45A116DEB} = {430B8E12-EC78-4927-8668-7D9E18964F6C}
		{1EA8A2F2-4DD8-4E6E-A0B5-D3811EDB2DE0} = {430B8E12-EC78-4927-8668-7D9E18964F6C}
		{B9CAB391-8FB7-4B57-97FA-D3223C5280A2} = {18AF05FD-C017-4E74-A1F0-0A70FA50234D}
		{F15237E5-E695-4998-AA3D-BEA8DE60DDE0} = {18AF05FD-C017-4E74-A1F0-0A70FA50234D}
		{FA78425B-8D33-44A4-94A3-1EE9A42228BE} = {18AF05FD-C017-4E74-A1F0-0A70FA50234D}
		{F5BC4C97-2CAB-4B56-AC49-F3CE4640940F} = {18AF05FD-C017-4E74-A1F0-0A70FA50234D}
		{335D022E-1540-4DB4-A87E-2B3D69934998} = {18AF05FD-C017-4E74-A1F0-0A70FA50234D}
		{09DB05F9-1FC8-43CF-8BFF-E9DA9D6622AE} = {18AF05FD-C017-4E74-A1F0-0A70FA50234D}
		{B34AB4EB-E769-48C5-B8C6-DDE396238005} = {18AF05FD-C017-4E74-A1F0-0A70FA50234D}
		{3D672434-401F-447C-85D6-6E76FA52F517} = {B1031660-C2EF-42B7-A138-98F25CE3D7F5}
		{B580C259-C47D-417D-AFAF-9098B4A5A3EA} = {B1031660-C2EF-42B7-A138-98F25CE3D7F5}
		{73DADC3A-D186-41E4-88D1-9312096FB2A1} = {B1031660-C2EF-42B7-A138-98F25CE3D7F5}
		{1EE5453A-0979-46B8-A2CC-37E086AC9CA3} = {95F713A4-83D1-4D8F-9540-CAFCB0A2274A}
		{92CD74A0-A377-43EB-81BA-59B0643DD0B3} = {95F713A4-83D1-4D8F-9540-CAFCB0A2274A}
		{08A227F6-3A54-4D96-A054-CCE511CC29EB} = {95F713A4-83D1-4D8F-9540-CAFCB0A2274A}
		{6D63FCDE-01EE-493C-A246-483A757DB9FD} = {95F713A4-83D1-4D8F-9540-CAFCB0A2274A}
		{CA30C964-BAB6-4E26-AC13-1626B288587D} = {95F713A4-83D1-4D8F-9540-CAFCB0A2274A}
		{FA1B253A-09D5-4E28-8545-5CEA45B791B8} = {95F713A4-83D1-4D8F-9540-CAFCB0A2274A}
		{DAFF66A1-25B1-4E69-B238-093C8F1B1668} = {95F713A4-83D1-4D8F-9540-CAFCB0A2274A}
		{9C3BC419-AEDA-4F6A-82F6-4617B4CD2228} = {95F713A4-83D1-4D8F-9540-CAFCB0A2274A}
	EndGlobalSection
EndGlobal
